
Microsoft Visual Studio Solution File, Format Version 12.00
# Visual Studio Version 17
VisualStudioVersion = 17.12.35527.113 d17.12
MinimumVisualStudioVersion = 10.0.40219.1
Project("{FAE04EC0-301F-11D3-BF4B-00C04F79EFBC}") = "CarsApp.API", "CarsApp.API\CarsApp.API.csproj", "{7C6E873F-569E-4DB9-8A1F-69105331D4CD}"
EndProject
Project("{FAE04EC0-301F-11D3-BF4B-00C04F79EFBC}") = "CarsApp.Data", "CarsApp.Data\CarsApp.Data.csproj", "{CF87CCCD-BB49-4FB2-907D-4DE6029B9015}"
EndProject
Global
	GlobalSection(SolutionConfigurationPlatforms) = preSolution
		Debug|Any CPU = Debug|Any CPU
		Release|Any CPU = Release|Any CPU
	EndGlobalSection
	GlobalSection(ProjectConfigurationPlatforms) = postSolution
		{7C6E873F-569E-4DB9-8A1F-69105331D4CD}.Debug|Any CPU.ActiveCfg = Debug|Any CPU
		{7C6E873F-569E-4DB9-8A1F-69105331D4CD}.Debug|Any CPU.Build.0 = Debug|Any CPU
		{7C6E873F-569E-4DB9-8A1F-69105331D4CD}.Release|Any CPU.ActiveCfg = Release|Any CPU
		{7C6E873F-569E-4DB9-8A1F-69105331D4CD}.Release|Any CPU.Build.0 = Release|Any CPU
		{CF87CCCD-BB49-4FB2-907D-4DE6029B9015}.Debug|Any CPU.ActiveCfg = Debug|Any CPU
		{CF87CCCD-BB49-4FB2-907D-4DE6029B9015}.Debug|Any CPU.Build.0 = Debug|Any CPU
		{CF87CCCD-BB49-4FB2-907D-4DE6029B9015}.Release|Any CPU.ActiveCfg = Release|Any CPU
		{CF87CCCD-BB49-4FB2-907D-4DE6029B9015}.Release|Any CPU.Build.0 = Release|Any CPU
	EndGlobalSection
	GlobalSection(SolutionProperties) = preSolution
		HideSolutionNode = FALSE
	EndGlobalSection
EndGlobal
